
Microsoft Visual Studio Solution File, Format Version 12.00
# Visual Studio 15
VisualStudioVersion = 15.0.27703.2042
MinimumVisualStudioVersion = 10.0.40219.1
Project("{9A19103F-16F7-4668-BE54-9A1E7A4F7556}") = "system_of_smth", "system_of_smth\system_of_smth.csproj", "{F640B3E1-B4C0-45F7-A067-11BDE97D2E0E}"
EndProject
Project("{FAE04EC0-301F-11D3-BF4B-00C04F79EFBC}") = "DataAccessLayer", "DataAccessLayer\DataAccessLayer.csproj", "{AC954B89-56E7-462E-82EB-92BFBE48A08F}"
EndProject
Global
	GlobalSection(SolutionConfigurationPlatforms) = preSolution
		Debug|Any CPU = Debug|Any CPU
		Release|Any CPU = Release|Any CPU
	EndGlobalSection
	GlobalSection(ProjectConfigurationPlatforms) = postSolution
		{F640B3E1-B4C0-45F7-A067-11BDE97D2E0E}.Debug|Any CPU.ActiveCfg = Debug|Any CPU
		{F640B3E1-B4C0-45F7-A067-11BDE97D2E0E}.Debug|Any CPU.Build.0 = Debug|Any CPU
		{F640B3E1-B4C0-45F7-A067-11BDE97D2E0E}.Release|Any CPU.ActiveCfg = Release|Any CPU
		{F640B3E1-B4C0-45F7-A067-11BDE97D2E0E}.Release|Any CPU.Build.0 = Release|Any CPU
		{AC954B89-56E7-462E-82EB-92BFBE48A08F}.Debug|Any CPU.ActiveCfg = Debug|Any CPU
		{AC954B89-56E7-462E-82EB-92BFBE48A08F}.Debug|Any CPU.Build.0 = Debug|Any CPU
		{AC954B89-56E7-462E-82EB-92BFBE48A08F}.Release|Any CPU.ActiveCfg = Release|Any CPU
		{AC954B89-56E7-462E-82EB-92BFBE48A08F}.Release|Any CPU.Build.0 = Release|Any CPU
	EndGlobalSection
	GlobalSection(SolutionProperties) = preSolution
		HideSolutionNode = FALSE
	EndGlobalSection
	GlobalSection(ExtensibilityGlobals) = postSolution
		SolutionGuid = {3674BBC1-38AB-45BA-BDB9-9E17743EEFC6}
	EndGlobalSection
EndGlobal
